
Microsoft Visual Studio Solution File, Format Version 12.00
# Visual Studio Version 17
VisualStudioVersion = 17.11.35312.102
MinimumVisualStudioVersion = 10.0.40219.1
Project("{FAE04EC0-301F-11D3-BF4B-00C04F79EFBC}") = "PruebaTecnicaNET", "PruebaTecnicaNET\PruebaTecnicaNET.csproj", "{DE42B463-D59B-43DC-BE79-CEB070B26C24}"
EndProject
Project("{FAE04EC0-301F-11D3-BF4B-00C04F79EFBC}") = "PruebaTecnicaNETTests", "PruebaTecnicaNETTests}\PruebaTecnicaNETTests.csproj", "{6395B91B-2E62-46A5-A0CA-D804E8E03A08}"
EndProject
Global
	GlobalSection(SolutionConfigurationPlatforms) = preSolution
		Debug|Any CPU = Debug|Any CPU
		Release|Any CPU = Release|Any CPU
	EndGlobalSection
	GlobalSection(ProjectConfigurationPlatforms) = postSolution
		{DE42B463-D59B-43DC-BE79-CEB070B26C24}.Debug|Any CPU.ActiveCfg = Debug|Any CPU
		{DE42B463-D59B-43DC-BE79-CEB070B26C24}.Debug|Any CPU.Build.0 = Debug|Any CPU
		{DE42B463-D59B-43DC-BE79-CEB070B26C24}.Release|Any CPU.ActiveCfg = Release|Any CPU
		{DE42B463-D59B-43DC-BE79-CEB070B26C24}.Release|Any CPU.Build.0 = Release|Any CPU
		{6395B91B-2E62-46A5-A0CA-D804E8E03A08}.Debug|Any CPU.ActiveCfg = Debug|Any CPU
		{6395B91B-2E62-46A5-A0CA-D804E8E03A08}.Debug|Any CPU.Build.0 = Debug|Any CPU
		{6395B91B-2E62-46A5-A0CA-D804E8E03A08}.Release|Any CPU.ActiveCfg = Release|Any CPU
		{6395B91B-2E62-46A5-A0CA-D804E8E03A08}.Release|Any CPU.Build.0 = Release|Any CPU
	EndGlobalSection
	GlobalSection(SolutionProperties) = preSolution
		HideSolutionNode = FALSE
	EndGlobalSection
	GlobalSection(ExtensibilityGlobals) = postSolution
		SolutionGuid = {512F4967-773E-415B-B41E-69AFE58E01EB}
	EndGlobalSection
EndGlobal
